# THIS IS AN AUTOGENERATED FILE. DO NOT EDIT THIS FILE DIRECTLY.
# yarn lockfile v1


"@sentry-internal/node-native-stacktrace@file:../sentry-internal-node-native-stacktrace-0.1.0.tgz":
  version "0.1.0"
  resolved "file:../sentry-internal-node-native-stacktrace-0.1.0.tgz#9f528856b2eecdefad847e171435f0d33d2375f5"
  dependencies:
    detect-libc "^2.0.4"
    node-abi "^4.9.0"

detect-libc@^2.0.4:
  version "2.0.4"
  resolved "https://registry.yarnpkg.com/detect-libc/-/detect-libc-2.0.4.tgz#f04715b8ba815e53b4d8109655b6508a6865a7e8"
  integrity sha512-3UDv+G9CsCKO1WKMGw9fwq/SWJYbI0c5Y7LU1AXYoDdbhE2AHQ6N6Nb34sG8Fj7T5APy8qXDCKuuIHd1BR0tVA==

node-abi@^4.9.0:
  version "4.9.0"
  resolved "https://registry.yarnpkg.com/node-abi/-/node-abi-4.9.0.tgz#ca6dabf7991e54bf3ba6d8d32641e1b84f305263"
  integrity sha512-0isb3h+AXUblx5Iv0mnYy2WsErH+dk2e9iXJXdKAtS076Q5hP+scQhp6P4tvDeVlOBlG3ROKvkpQHtbORllq2A==
  dependencies:
    semver "^7.6.3"

semver@^7.6.3:
  version "7.7.2"
  resolved "https://registry.yarnpkg.com/semver/-/semver-7.7.2.tgz#67d99fdcd35cec21e6f8b87a7fd515a33f982b58"
  integrity sha512-RF0Fw+rO5AMf9MAyaRXI4AV0Ulj5lMHqVxxdSgiVbixSCXoEmmX/jk0CuJw4+3SqroYO9VoUh+HcuJivvtJemA==
